schema: '2.0'
stages:
  load_data:
    cmd: python src/load_data.py --config=params.yaml
    deps:
    - path: data_given/winequality.csv
      md5: 6a883fd98624e18c0b7ce251f4fab4fb
      size: 100951
    - path: src/get_data.py
      md5: a5a4a94f12a2515a2c7093196562ae08
      size: 717
    - path: src/load_data.py
      md5: 57c39112fe08455b153a8c1940360d82
      size: 700
    outs:
    - path: data/raw/winequality.csv
      md5: b81c95040ccc1f04820095a237ba3c61
      size: 95085
  split_data:
    cmd: python src/splitting_data.py --config=params.yaml
    deps:
    - path: data/raw/winequality.csv
      md5: b81c95040ccc1f04820095a237ba3c61
      size: 95085
    - path: src/splitting_data.py
      md5: 88d3a507778ec99a65789c6389847cfe
      size: 1028
    outs:
    - path: data/processed/test_wine_quality.csv
      md5: 2cf9d0a1b2cd57459031bb61d654b003
      size: 23922
    - path: data/processed/train_winequality.csv
      md5: 2a85f0717864daa8852dceb9fc730369
      size: 71310
  model_evaluation:
    cmd: python src/train_evaluate.py --config=params.yaml
    deps:
    - path: data/processed/test_wine_quality.csv
      md5: 2cf9d0a1b2cd57459031bb61d654b003
      size: 23922
    - path: data/processed/train_winequality.csv
      md5: 2a85f0717864daa8852dceb9fc730369
      size: 71310
    - path: src/train_evaluate.py
      md5: 8392be248d5748af7e38fbb2481fb5b7
      size: 2224
    params:
      params.yaml:
        estimators.ElasticNet.params.alpha: 0.88
        estimators.ElasticNet.params.l1_ratio: 0.89
    outs:
    - path: reports/params.json
      md5: a5f74b74b83f8ea1cbf639e31abdf97e
      size: 46
    - path: reports/scores.json
      md5: da326e63acdd3891c6131bf0bb0bdae7
      size: 107
    - path: saved_models/model.joblib
      md5: 273fb883ce07c83f755edb80ea22dc94
      size: 1336
